
Microsoft Visual Studio Solution File, Format Version 12.00
# Visual Studio Version 16
VisualStudioVersion = 16.0.29613.14
MinimumVisualStudioVersion = 10.0.40219.1
Project("{2150E333-8FDC-42A3-9474-1A3956D46DE8}") = "REST", "REST", "{5CFFD76C-3220-4B19-91D0-508CDAD3BFBF}"
EndProject
Project("{2150E333-8FDC-42A3-9474-1A3956D46DE8}") = "OData", "OData", "{80A56A60-E61A-4FCA-8AF0-48E1004DC27A}"
EndProject
Project("{2150E333-8FDC-42A3-9474-1A3956D46DE8}") = "GraphQL", "GraphQL", "{E923B525-F9FA-41EA-B80F-38F8F221B56C}"
EndProject
Project("{2150E333-8FDC-42A3-9474-1A3956D46DE8}") = "gRPC", "gRPC", "{E3900F89-86FD-4218-ACAC-3770F42CD085}"
EndProject
Project("{2150E333-8FDC-42A3-9474-1A3956D46DE8}") = "SDL", "SDL", "{37060E33-CC3B-42FE-8F27-B58079E58D94}"
EndProject
Project("{9A19103F-16F7-4668-BE54-9A1E7A4F7556}") = "REST.Client", "REST.Client\REST.Client.csproj", "{8B2E6A80-A286-4EE6-9CF0-73D7BED2E35E}"
EndProject
Project("{9A19103F-16F7-4668-BE54-9A1E7A4F7556}") = "REST.Server", "REST.Server\REST.Server.csproj", "{645EE0AD-4159-4EF3-9689-0D297B95808C}"
EndProject
Project("{9A19103F-16F7-4668-BE54-9A1E7A4F7556}") = "OData.Server", "OData.Server\OData.Server.csproj", "{6A0801B8-8997-47B0-A21F-8BEB2D1A927D}"
EndProject
Project("{FAE04EC0-301F-11D3-BF4B-00C04F79EFBC}") = "GraphQL.Server", "GraphQL.Server\GraphQL.Server.csproj", "{585E9440-A7DA-42FF-A292-349D216236EA}"
EndProject
Project("{FAE04EC0-301F-11D3-BF4B-00C04F79EFBC}") = "gRPC.Server", "gRPC.Server\gRPC.Server.csproj", "{AE2A73EA-1252-4D72-B8DC-1FE0FEEFB273}"
EndProject
Project("{FAE04EC0-301F-11D3-BF4B-00C04F79EFBC}") = "gRPC.Client", "gRPC.Client\gRPC.Client.csproj", "{8B1C02C0-D450-43D5-9702-22CA1FDC9D10}"
EndProject
Project("{FAE04EC0-301F-11D3-BF4B-00C04F79EFBC}") = "SDL.Server", "SDL.Server\SDL.Server.csproj", "{FC4A0D15-3424-4FC9-8CF8-FF3131DBD1F4}"
EndProject
Project("{FAE04EC0-301F-11D3-BF4B-00C04F79EFBC}") = "SDL.Client", "SDL.Client\SDL.Client.csproj", "{F8CDE7B7-470A-4DB0-8FC4-D74DBDA66172}"
EndProject
Global
	GlobalSection(SolutionConfigurationPlatforms) = preSolution
		Debug|Any CPU = Debug|Any CPU
		Release|Any CPU = Release|Any CPU
	EndGlobalSection
	GlobalSection(ProjectConfigurationPlatforms) = postSolution
		{8B2E6A80-A286-4EE6-9CF0-73D7BED2E35E}.Debug|Any CPU.ActiveCfg = Debug|Any CPU
		{8B2E6A80-A286-4EE6-9CF0-73D7BED2E35E}.Debug|Any CPU.Build.0 = Debug|Any CPU
		{8B2E6A80-A286-4EE6-9CF0-73D7BED2E35E}.Release|Any CPU.ActiveCfg = Release|Any CPU
		{8B2E6A80-A286-4EE6-9CF0-73D7BED2E35E}.Release|Any CPU.Build.0 = Release|Any CPU
		{645EE0AD-4159-4EF3-9689-0D297B95808C}.Debug|Any CPU.ActiveCfg = Debug|Any CPU
		{645EE0AD-4159-4EF3-9689-0D297B95808C}.Debug|Any CPU.Build.0 = Debug|Any CPU
		{645EE0AD-4159-4EF3-9689-0D297B95808C}.Release|Any CPU.ActiveCfg = Release|Any CPU
		{645EE0AD-4159-4EF3-9689-0D297B95808C}.Release|Any CPU.Build.0 = Release|Any CPU
		{6A0801B8-8997-47B0-A21F-8BEB2D1A927D}.Debug|Any CPU.ActiveCfg = Debug|Any CPU
		{6A0801B8-8997-47B0-A21F-8BEB2D1A927D}.Debug|Any CPU.Build.0 = Debug|Any CPU
		{6A0801B8-8997-47B0-A21F-8BEB2D1A927D}.Release|Any CPU.ActiveCfg = Release|Any CPU
		{6A0801B8-8997-47B0-A21F-8BEB2D1A927D}.Release|Any CPU.Build.0 = Release|Any CPU
		{585E9440-A7DA-42FF-A292-349D216236EA}.Debug|Any CPU.ActiveCfg = Debug|Any CPU
		{585E9440-A7DA-42FF-A292-349D216236EA}.Debug|Any CPU.Build.0 = Debug|Any CPU
		{585E9440-A7DA-42FF-A292-349D216236EA}.Release|Any CPU.ActiveCfg = Release|Any CPU
		{585E9440-A7DA-42FF-A292-349D216236EA}.Release|Any CPU.Build.0 = Release|Any CPU
		{AE2A73EA-1252-4D72-B8DC-1FE0FEEFB273}.Debug|Any CPU.ActiveCfg = Debug|Any CPU
		{AE2A73EA-1252-4D72-B8DC-1FE0FEEFB273}.Debug|Any CPU.Build.0 = Debug|Any CPU
		{AE2A73EA-1252-4D72-B8DC-1FE0FEEFB273}.Release|Any CPU.ActiveCfg = Release|Any CPU
		{AE2A73EA-1252-4D72-B8DC-1FE0FEEFB273}.Release|Any CPU.Build.0 = Release|Any CPU
		{8B1C02C0-D450-43D5-9702-22CA1FDC9D10}.Debug|Any CPU.ActiveCfg = Debug|Any CPU
		{8B1C02C0-D450-43D5-9702-22CA1FDC9D10}.Debug|Any CPU.Build.0 = Debug|Any CPU
		{8B1C02C0-D450-43D5-9702-22CA1FDC9D10}.Release|Any CPU.ActiveCfg = Release|Any CPU
		{8B1C02C0-D450-43D5-9702-22CA1FDC9D10}.Release|Any CPU.Build.0 = Release|Any CPU
		{FC4A0D15-3424-4FC9-8CF8-FF3131DBD1F4}.Debug|Any CPU.ActiveCfg = Debug|Any CPU
		{FC4A0D15-3424-4FC9-8CF8-FF3131DBD1F4}.Debug|Any CPU.Build.0 = Debug|Any CPU
		{FC4A0D15-3424-4FC9-8CF8-FF3131DBD1F4}.Release|Any CPU.ActiveCfg = Release|Any CPU
		{FC4A0D15-3424-4FC9-8CF8-FF3131DBD1F4}.Release|Any CPU.Build.0 = Release|Any CPU
		{F8CDE7B7-470A-4DB0-8FC4-D74DBDA66172}.Debug|Any CPU.ActiveCfg = Debug|Any CPU
		{F8CDE7B7-470A-4DB0-8FC4-D74DBDA66172}.Debug|Any CPU.Build.0 = Debug|Any CPU
		{F8CDE7B7-470A-4DB0-8FC4-D74DBDA66172}.Release|Any CPU.ActiveCfg = Release|Any CPU
		{F8CDE7B7-470A-4DB0-8FC4-D74DBDA66172}.Release|Any CPU.Build.0 = Release|Any CPU
	EndGlobalSection
	GlobalSection(SolutionProperties) = preSolution
		HideSolutionNode = FALSE
	EndGlobalSection
	GlobalSection(NestedProjects) = preSolution
		{8B2E6A80-A286-4EE6-9CF0-73D7BED2E35E} = {5CFFD76C-3220-4B19-91D0-508CDAD3BFBF}
		{645EE0AD-4159-4EF3-9689-0D297B95808C} = {5CFFD76C-3220-4B19-91D0-508CDAD3BFBF}
		{6A0801B8-8997-47B0-A21F-8BEB2D1A927D} = {80A56A60-E61A-4FCA-8AF0-48E1004DC27A}
		{585E9440-A7DA-42FF-A292-349D216236EA} = {E923B525-F9FA-41EA-B80F-38F8F221B56C}
		{AE2A73EA-1252-4D72-B8DC-1FE0FEEFB273} = {E3900F89-86FD-4218-ACAC-3770F42CD085}
		{8B1C02C0-D450-43D5-9702-22CA1FDC9D10} = {E3900F89-86FD-4218-ACAC-3770F42CD085}
		{FC4A0D15-3424-4FC9-8CF8-FF3131DBD1F4} = {37060E33-CC3B-42FE-8F27-B58079E58D94}
		{F8CDE7B7-470A-4DB0-8FC4-D74DBDA66172} = {37060E33-CC3B-42FE-8F27-B58079E58D94}
	EndGlobalSection
	GlobalSection(ExtensibilityGlobals) = postSolution
		SolutionGuid = {0242A779-B72D-4BE6-AD4D-26FE67901F18}
	EndGlobalSection
EndGlobal
